
Microsoft Visual Studio Solution File, Format Version 12.00
# Visual Studio Version 17
VisualStudioVersion = 17.9.34902.65
MinimumVisualStudioVersion = 10.0.40219.1
Project("{FAE04EC0-301F-11D3-BF4B-00C04F79EFBC}") = "SWAPITestXUnit", "SWAPITestXUnit\SWAPITestXUnit.csproj", "{79A33730-9594-4C3D-B208-FFB2B3DE737B}"
EndProject
Global
	GlobalSection(SolutionConfigurationPlatforms) = preSolution
		Debug|Any CPU = Debug|Any CPU
		Release|Any CPU = Release|Any CPU
	EndGlobalSection
	GlobalSection(ProjectConfigurationPlatforms) = postSolution
		{79A33730-9594-4C3D-B208-FFB2B3DE737B}.Debug|Any CPU.ActiveCfg = Debug|Any CPU
		{79A33730-9594-4C3D-B208-FFB2B3DE737B}.Debug|Any CPU.Build.0 = Debug|Any CPU
		{79A33730-9594-4C3D-B208-FFB2B3DE737B}.Release|Any CPU.ActiveCfg = Release|Any CPU
		{79A33730-9594-4C3D-B208-FFB2B3DE737B}.Release|Any CPU.Build.0 = Release|Any CPU
	EndGlobalSection
	GlobalSection(SolutionProperties) = preSolution
		HideSolutionNode = FALSE
	EndGlobalSection
	GlobalSection(ExtensibilityGlobals) = postSolution
		SolutionGuid = {DCD2BF26-C83B-4B5E-B7D9-6F14F2F19835}
	EndGlobalSection
EndGlobal
